{
  "requires": true,
  "lockfileVersion": 1,
  "dependencies": {
    "nativescript-vue-router-ns": {
      "version": "1.0.4",
      "resolved": "https://registry.npmjs.org/nativescript-vue-router-ns/-/nativescript-vue-router-ns-1.0.4.tgz",
      "integrity": "sha512-2Jb5z+6dq7qreJy654fTwl5SDfB5oRwY9kPT7SOBTTy7MKz4jezSF5oFZxDXa4bGn39Ml+BVwEkmjjsUzOXzcA=="
    }
  }
}
